
Microsoft Visual Studio Solution File, Format Version 12.00
# Visual Studio Version 16
VisualStudioVersion = 16.0.30330.147
MinimumVisualStudioVersion = 10.0.40219.1
Project("{FAE04EC0-301F-11D3-BF4B-00C04F79EFBC}") = "DolarRekorKirdiMi", "DolarRekorKirdiMi\DolarRekorKirdiMi.csproj", "{00DD751B-B0A5-4C21-9962-5EA08C0961B2}"
EndProject
Global
	GlobalSection(SolutionConfigurationPlatforms) = preSolution
		Debug|Any CPU = Debug|Any CPU
		Release|Any CPU = Release|Any CPU
	EndGlobalSection
	GlobalSection(ProjectConfigurationPlatforms) = postSolution
		{00DD751B-B0A5-4C21-9962-5EA08C0961B2}.Debug|Any CPU.ActiveCfg = Debug|Any CPU
		{00DD751B-B0A5-4C21-9962-5EA08C0961B2}.Debug|Any CPU.Build.0 = Debug|Any CPU
		{00DD751B-B0A5-4C21-9962-5EA08C0961B2}.Release|Any CPU.ActiveCfg = Release|Any CPU
		{00DD751B-B0A5-4C21-9962-5EA08C0961B2}.Release|Any CPU.Build.0 = Release|Any CPU
	EndGlobalSection
	GlobalSection(SolutionProperties) = preSolution
		HideSolutionNode = FALSE
	EndGlobalSection
	GlobalSection(ExtensibilityGlobals) = postSolution
		SolutionGuid = {94BF4B56-43A7-4807-B4C5-2C7B086399EC}
	EndGlobalSection
EndGlobal
